%{
  "ex_aws": {:hex, :ex_aws, "2.0.2", "8df2f96f58624a399abe5a0ce26db648ee848aca6393b9c65c939ece9ac07bfa", [:mix], [{:configparser_ex, "~> 2.0", [hex: :configparser_ex, repo: "hexpm", optional: true]}, {:hackney, "1.6.3 or 1.6.5 or 1.7.1 or 1.8.6 or ~> 1.9", [hex: :hackney, repo: "hexpm", optional: true]}, {:jsx, "~> 2.8", [hex: :jsx, repo: "hexpm", optional: true]}, {:poison, ">= 1.2.0", [hex: :poison, repo: "hexpm", optional: true]}, {:sweet_xml, "~> 0.6", [hex: :sweet_xml, repo: "hexpm", optional: true]}, {:xml_builder, "~> 0.1.0", [hex: :xml_builder, repo: "hexpm", optional: true]}], "hexpm"},
  "ex_aws_ecs": {:hex, :ex_aws_ecs, "0.1.1", "58ac9d81fd05eedc6e966da218feec144d0980e9ceb577b070502ab74fbe7054", [:mix], [{:ex_aws, "~> 2.0.0", [hex: :ex_aws, repo: "hexpm", optional: false]}], "hexpm"},
  "jason": {:hex, :jason, "1.0.0", "0f7cfa9bdb23fed721ec05419bcee2b2c21a77e926bce0deda029b5adc716fe2", [:mix], [{:decimal, "~> 1.0", [hex: :decimal, repo: "hexpm", optional: true]}], "hexpm"},
  "libcluster": {:hex, :libcluster, "2.5.0", "8d2d035bce1b06c80cc644d51d0424906e7ea80fe557285af10019573598b26a", [:mix], [{:jason, "~> 1.0", [hex: :jason, repo: "hexpm", optional: false]}], "hexpm"},
}
